
Microsoft Visual Studio Solution File, Format Version 12.00
# Visual Studio 15
VisualStudioVersion = 15.0.27428.2015
MinimumVisualStudioVersion = 10.0.40219.1
Project("{9A19103F-16F7-4668-BE54-9A1E7A4F7556}") = "Mmu.Ngs.WebApi", "Sources\Application\Mmu.Ngs.WebApi.csproj", "{EC356062-F849-4AC9-84DE-A00F711E2BD6}"
EndProject
Project("{2150E333-8FDC-42A3-9474-1A3956D46DE8}") = "Configurations", "Configurations", "{7CC3413D-F7D8-4CF4-B224-35FA4A4CB092}"
	ProjectSection(SolutionItems) = preProject
		CA_ProductionCode.ruleset = CA_ProductionCode.ruleset
		CA_UnitTests.ruleset = CA_UnitTests.ruleset
		Settings.StyleCop = Settings.StyleCop
	EndProjectSection
EndProject
Global
	GlobalSection(SolutionConfigurationPlatforms) = preSolution
		Debug|Any CPU = Debug|Any CPU
		Release|Any CPU = Release|Any CPU
	EndGlobalSection
	GlobalSection(ProjectConfigurationPlatforms) = postSolution
		{EC356062-F849-4AC9-84DE-A00F711E2BD6}.Debug|Any CPU.ActiveCfg = Debug|Any CPU
		{EC356062-F849-4AC9-84DE-A00F711E2BD6}.Debug|Any CPU.Build.0 = Debug|Any CPU
		{EC356062-F849-4AC9-84DE-A00F711E2BD6}.Release|Any CPU.ActiveCfg = Release|Any CPU
		{EC356062-F849-4AC9-84DE-A00F711E2BD6}.Release|Any CPU.Build.0 = Release|Any CPU
	EndGlobalSection
	GlobalSection(SolutionProperties) = preSolution
		HideSolutionNode = FALSE
	EndGlobalSection
	GlobalSection(ExtensibilityGlobals) = postSolution
		SolutionGuid = {A20967B9-4986-4FA2-A1F5-B314997E15EE}
	EndGlobalSection
EndGlobal
